<?xml version="1.0" encoding="utf-8"?>
<Project ToolsVersion="4.0" xmlns="http://schemas.microsoft.com/developer/msbuild/2003">
  <ItemGroup>
    <Filter Include="Resource Files">
      <UniqueIdentifier>{67DA6AB6-F800-4c08-8B7A-83BB121AAD01}</UniqueIdentifier>
      <Extensions>rc;ico;cur;bmp;dlg;rc2;rct;bin;rgs;gif;jpg;jpeg;jpe;resx;tiff;tif;png;wav;mfcribbon-ms</Extensions>
    </Filter>
    <Filter Include="Base Files">
      <UniqueIdentifier>{4FC737F1-C7A5-4376-A066-2A32D752A2FF}</UniqueIdentifier>
      <Extensions>cpp;c;cc;cxx;def;odl;idl;hpj;bat;asm;asmx</Extensions>
    </Filter>
    <Filter Include="VM Files">
      <UniqueIdentifier>{99fd41ae-f9b6-4c51-96f4-c9ef5d724584}</UniqueIdentifier>
      <Extensions>h;hpp;cpp;c;cc;cxx;def;odl;idl;hpj;bat;asm;asmx</Extensions>
    </Filter>
    <Filter Include="Base Files\Impl">
      <UniqueIdentifier>{f0143a82-4192-4fc4-82dd-7d5d967e844f}</UniqueIdentifier>
    </Filter>
    <Filter Include="VM Files\Impl">
      <UniqueIdentifier>{45fb53bc-ea8d-4ecf-bbf1-33f81da0138c}</UniqueIdentifier>
      <Extensions>cpp;c;cc;cxx;def;odl;idl;hpj;bat;asm;asmx</Extensions>
    </Filter>
    <Filter Include="Developement Environemtn Files">
      <UniqueIdentifier>{282d6483-5e55-48f9-a5d9-00f7999161d4}</UniqueIdentifier>
    </Filter>
    <Filter Include="Application Files">
      <UniqueIdentifier>{93995380-89BD-4b04-88EB-625FBE52EBFB}</UniqueIdentifier>
      <Extensions>h;hh;hpp;hxx;hm;inl;inc;xsd</Extensions>
    </Filter>
    <Filter Include="Include">
      <UniqueIdentifier>{1355ba2c-f13c-483f-9b60-8484e008d4d3}</UniqueIdentifier>
    </Filter>
    <Filter Include="Compiler Files">
      <UniqueIdentifier>{1ba16ae3-74c4-4da3-9f04-9b92907625d6}</UniqueIdentifier>
    </Filter>
    <Filter Include="Compiler Files\Impl">
      <UniqueIdentifier>{91f752e6-1cef-409c-baee-44ddcf068000}</UniqueIdentifier>
    </Filter>
    <Filter Include="Developement Environemtn Files\Impl">
      <UniqueIdentifier>{d4522691-6dff-4bbf-b55c-1d33e65cba05}</UniqueIdentifier>
    </Filter>
    <Filter Include="Core Files">
      <UniqueIdentifier>{f147b319-410c-4035-9b5a-69ad05bbc1da}</UniqueIdentifier>
    </Filter>
    <Filter Include="Core Files\Impl">
      <UniqueIdentifier>{a05ba761-0cda-4668-b189-2fa31c02aeec}</UniqueIdentifier>
    </Filter>
    <Filter Include="Test Modules">
      <UniqueIdentifier>{c138c0a8-8f9c-45c4-be35-7b32237cade5}</UniqueIdentifier>
      <Extensions>vasm</Extensions>
    </Filter>
  </ItemGroup>
  <ItemGroup>
    <ClCompile Include="src\base\parser.cpp">
      <Filter>Base Files\Impl</Filter>
    </ClCompile>
    <ClCompile Include="src\app\main.cpp">
      <Filter>Application Files</Filter>
    </ClCompile>
    <ClCompile Include="src\vm\processor.cpp">
      <Filter>VM Files\Impl</Filter>
    </ClCompile>
    <ClCompile Include="src\base\base.cpp">
      <Filter>Base Files\Impl</Filter>
    </ClCompile>
    <ClCompile Include="src\vm\debugger.cpp">
      <Filter>VM Files\Impl</Filter>
    </ClCompile>
    <ClCompile Include="src\core\command.cpp">
      <Filter>Core Files\Impl</Filter>
    </ClCompile>
    <ClCompile Include="src\core\command_library.cpp">
      <Filter>Core Files\Impl</Filter>
    </ClCompile>
    <ClCompile Include="src\core\decoder.cpp">
      <Filter>Core Files\Impl</Filter>
    </ClCompile>
    <ClCompile Include="src\core\io_controller.cpp">
      <Filter>Core Files\Impl</Filter>
    </ClCompile>
    <ClCompile Include="src\core\value.cpp">
      <Filter>Core Files\Impl</Filter>
    </ClCompile>
    <ClCompile Include="src\vm\machine.cpp">
      <Filter>VM Files\Impl</Filter>
    </ClCompile>
    <ClCompile Include="src\compiler\command_parser.cpp">
      <Filter>Compiler Files\Impl</Filter>
    </ClCompile>
    <ClCompile Include="src\compiler\compiler.cpp">
      <Filter>Compiler Files\Impl</Filter>
    </ClCompile>
    <ClCompile Include="src\compiler\asm_parser.cpp">
      <Filter>Compiler Files\Impl</Filter>
    </ClCompile>
    <ClCompile Include="src\compiler\code_generator.cpp">
      <Filter>Compiler Files\Impl</Filter>
    </ClCompile>
    <ClCompile Include="src\vm\loader.cpp">
      <Filter>VM Files\Impl</Filter>
    </ClCompile>
    <ClCompile Include="src\vm\basic_commands.cpp">
      <Filter>VM Files\Impl</Filter>
    </ClCompile>
    <ClCompile Include="src\vm\main_commands.cpp">
      <Filter>VM Files\Impl</Filter>
    </ClCompile>
    <ClCompile Include="src\vm\io_commands.cpp">
      <Filter>VM Files\Impl</Filter>
    </ClCompile>
    <ClCompile Include="src\compiler\encoder.cpp">
      <Filter>Compiler Files\Impl</Filter>
    </ClCompile>
    <ClCompile Include="src\compiler\linker.cpp">
      <Filter>Compiler Files\Impl</Filter>
    </ClCompile>
    <ClCompile Include="src\compiler\output_generator.cpp">
      <Filter>Compiler Files\Impl</Filter>
    </ClCompile>
    <ClCompile Include="src\vm\io_devices.cpp">
      <Filter>VM Files\Impl</Filter>
    </ClCompile>
    <ClCompile Include="src\devenv\commander.cpp">
      <Filter>Developement Environemtn Files\Impl</Filter>
    </ClCompile>
    <ClCompile Include="src\core\address_recovery.cpp">
      <Filter>Core Files\Impl</Filter>
    </ClCompile>
    <ClCompile Include="src\devenv\disassembly.cpp">
      <Filter>Developement Environemtn Files\Impl</Filter>
    </ClCompile>
    <ClCompile Include="src\vm\x86_native_operations.cpp">
      <Filter>VM Files\Impl</Filter>
    </ClCompile>
  </ItemGroup>
  <ItemGroup>
    <ClInclude Include="src\base\exception.h">
      <Filter>Base Files</Filter>
    </ClInclude>
    <ClInclude Include="src\base\definitions.h">
      <Filter>Base Files</Filter>
    </ClInclude>
    <ClInclude Include="src\base\parser.h">
      <Filter>Base Files</Filter>
    </ClInclude>
    <ClInclude Include="src\vm\processor.h">
      <Filter>VM Files</Filter>
    </ClInclude>
    <ClInclude Include="src\include\base_definitions.h">
      <Filter>Include</Filter>
    </ClInclude>
    <ClInclude Include="src\include\base_notification.h">
      <Filter>Include</Filter>
    </ClInclude>
    <ClInclude Include="src\include\base_parser.h">
      <Filter>Include</Filter>
    </ClInclude>
    <ClInclude Include="src\include\base_global.h">
      <Filter>Include</Filter>
    </ClInclude>
    <ClInclude Include="src\include\vasm_global.h">
      <Filter>Include</Filter>
    </ClInclude>
    <ClInclude Include="src\vm\debugger.h">
      <Filter>VM Files</Filter>
    </ClInclude>
    <ClInclude Include="src\base\utility.h">
      <Filter>Base Files</Filter>
    </ClInclude>
    <ClInclude Include="src\include\base_utility.h">
      <Filter>Include</Filter>
    </ClInclude>
    <ClInclude Include="src\core\command.h">
      <Filter>Core Files</Filter>
    </ClInclude>
    <ClInclude Include="src\core\command_library.h">
      <Filter>Core Files</Filter>
    </ClInclude>
    <ClInclude Include="src\core\decoder.h">
      <Filter>Core Files</Filter>
    </ClInclude>
    <ClInclude Include="src\core\definitions.h">
      <Filter>Core Files</Filter>
    </ClInclude>
    <ClInclude Include="src\core\flags.h">
      <Filter>Core Files</Filter>
    </ClInclude>
    <ClInclude Include="src\core\memory.h">
      <Filter>Core Files</Filter>
    </ClInclude>
    <ClInclude Include="src\core\io_controller.h">
      <Filter>Core Files</Filter>
    </ClInclude>
    <ClInclude Include="src\include\core_command.h">
      <Filter>Include</Filter>
    </ClInclude>
    <ClInclude Include="src\include\core_command_library.h">
      <Filter>Include</Filter>
    </ClInclude>
    <ClInclude Include="src\include\core_decoder.h">
      <Filter>Include</Filter>
    </ClInclude>
    <ClInclude Include="src\include\core_definitions.h">
      <Filter>Include</Filter>
    </ClInclude>
    <ClInclude Include="src\include\core_flags.h">
      <Filter>Include</Filter>
    </ClInclude>
    <ClInclude Include="src\include\core_io_controller.h">
      <Filter>Include</Filter>
    </ClInclude>
    <ClInclude Include="src\include\core_memory.h">
      <Filter>Include</Filter>
    </ClInclude>
    <ClInclude Include="src\core\value.h">
      <Filter>Core Files</Filter>
    </ClInclude>
    <ClInclude Include="src\include\base_exception.h">
      <Filter>Include</Filter>
    </ClInclude>
    <ClInclude Include="src\include\core_value.h">
      <Filter>Include</Filter>
    </ClInclude>
    <ClInclude Include="src\include\core_package_info.h">
      <Filter>Include</Filter>
    </ClInclude>
    <ClInclude Include="src\core\package_info.h">
      <Filter>Core Files</Filter>
    </ClInclude>
    <ClInclude Include="src\vm\machine.h">
      <Filter>VM Files</Filter>
    </ClInclude>
    <ClInclude Include="src\vm\loader.h">
      <Filter>VM Files</Filter>
    </ClInclude>
    <ClInclude Include="src\include\vm_debugger.h">
      <Filter>Include</Filter>
    </ClInclude>
    <ClInclude Include="src\include\vm_machine.h">
      <Filter>Include</Filter>
    </ClInclude>
    <ClInclude Include="src\compiler\command_parser.h">
      <Filter>Compiler Files</Filter>
    </ClInclude>
    <ClInclude Include="src\compiler\compiler.h">
      <Filter>Compiler Files</Filter>
    </ClInclude>
    <ClInclude Include="src\compiler\input.h">
      <Filter>Compiler Files</Filter>
    </ClInclude>
    <ClInclude Include="src\compiler\intermediate.h">
      <Filter>Compiler Files</Filter>
    </ClInclude>
    <ClInclude Include="src\compiler\asm_parser.h">
      <Filter>Compiler Files</Filter>
    </ClInclude>
    <ClInclude Include="src\compiler\code_generator.h">
      <Filter>Compiler Files</Filter>
    </ClInclude>
    <ClInclude Include="src\compiler\package.h">
      <Filter>Compiler Files</Filter>
    </ClInclude>
    <ClInclude Include="src\vm\package_info.h">
      <Filter>VM Files</Filter>
    </ClInclude>
    <ClInclude Include="src\vm\basic_commands.h">
      <Filter>VM Files</Filter>
    </ClInclude>
    <ClInclude Include="src\vm\main_commands.h">
      <Filter>VM Files</Filter>
    </ClInclude>
    <ClInclude Include="src\vm\io_commands.h">
      <Filter>VM Files</Filter>
    </ClInclude>
    <ClInclude Include="src\include\cl_compiler.h">
      <Filter>Include</Filter>
    </ClInclude>
    <ClInclude Include="src\compiler\encoder.h">
      <Filter>Compiler Files</Filter>
    </ClInclude>
    <ClInclude Include="src\compiler\linker.h">
      <Filter>Compiler Files</Filter>
    </ClInclude>
    <ClInclude Include="src\compiler\output_generator.h">
      <Filter>Compiler Files</Filter>
    </ClInclude>
    <ClInclude Include="src\vm\io_devices.h">
      <Filter>VM Files</Filter>
    </ClInclude>
    <ClInclude Include="src\include\dev_commander.h">
      <Filter>Include</Filter>
    </ClInclude>
    <ClInclude Include="src\devenv\commander.h">
      <Filter>Developement Environemtn Files</Filter>
    </ClInclude>
    <ClInclude Include="src\core\address_recovery.h">
      <Filter>Core Files</Filter>
    </ClInclude>
    <ClInclude Include="src\include\core_address_recovery.h">
      <Filter>Include</Filter>
    </ClInclude>
    <ClInclude Include="src\devenv\disassembly.h">
      <Filter>Developement Environemtn Files</Filter>
    </ClInclude>
    <ClInclude Include="src\include\vm_loader.h">
      <Filter>Include</Filter>
    </ClInclude>
    <ClInclude Include="src\include\dev_disassembly.h">
      <Filter>Include</Filter>
    </ClInclude>
  </ItemGroup>
  <ItemGroup>
    <None Include="test\test1.vasm">
      <Filter>Test Modules</Filter>
    </None>
  </ItemGroup>
  <ItemGroup>
    <MASM Include="src\vm\x64_native_operations.asm">
      <Filter>VM Files\Impl</Filter>
    </MASM>
  </ItemGroup>
</Project>